<?xml version="1.0" encoding="utf-8"?>
<Project ToolsVersion="4.0" xmlns="http://schemas.microsoft.com/developer/msbuild/2003">
  <ItemGroup>
    <Filter Include="리소스 파일">
      <UniqueIdentifier>{67DA6AB6-F800-4c08-8B7A-83BB121AAD01}</UniqueIdentifier>
      <Extensions>rc;ico;cur;bmp;dlg;rc2;rct;bin;rgs;gif;jpg;jpeg;jpe;resx;tiff;tif;png;wav;mfcribbon-ms</Extensions>
    </Filter>
    <Filter Include="base">
      <UniqueIdentifier>{fe4085a8-1ab8-4d6f-819d-004d18bf3221}</UniqueIdentifier>
    </Filter>
    <Filter Include="base\Keyboard">
      <UniqueIdentifier>{ddcef24f-e9e5-43a0-ba41-db9f6ebef800}</UniqueIdentifier>
    </Filter>
    <Filter Include="base\Mouse">
      <UniqueIdentifier>{a3bbb9a5-9702-41c7-a0dc-fb929cdea3ef}</UniqueIdentifier>
    </Filter>
    <Filter Include="base\Graphics">
      <UniqueIdentifier>{11819c3d-8633-4bf8-a513-87e242cf315a}</UniqueIdentifier>
    </Filter>
    <Filter Include="base\Graphics\ImGui">
      <UniqueIdentifier>{80734e59-b4fe-45af-b2e6-4301b31319d8}</UniqueIdentifier>
    </Filter>
    <Filter Include="base\Graphics\Camera">
      <UniqueIdentifier>{f57f5beb-a89d-45ea-ac9a-28ddc823d9f5}</UniqueIdentifier>
    </Filter>
    <Filter Include="base\Graphics\GameObject">
      <UniqueIdentifier>{760928bb-4755-4ae6-b661-d47194e368ce}</UniqueIdentifier>
    </Filter>
    <Filter Include="base\Graphics\GameObject\2D">
      <UniqueIdentifier>{50b9eb4f-7982-4a68-bbe3-7922025d7eac}</UniqueIdentifier>
    </Filter>
    <Filter Include="base\Graphics\GameObject\3D">
      <UniqueIdentifier>{d66f2d5a-f417-480a-8e39-32d639c1d069}</UniqueIdentifier>
    </Filter>
    <Filter Include="base\Graphics\GameObject\Geometry">
      <UniqueIdentifier>{5b2b8893-cc24-4d65-8d96-e9000503355a}</UniqueIdentifier>
    </Filter>
    <Filter Include="base\Graphics\GameObject\3D\Model">
      <UniqueIdentifier>{ab4d4fa4-35fb-4d89-8764-fc1f691393e9}</UniqueIdentifier>
    </Filter>
  </ItemGroup>
  <ItemGroup>
    <ClCompile Include="main.cpp">
      <Filter>base</Filter>
    </ClCompile>
    <ClCompile Include="ErrorLogger.cpp">
      <Filter>base</Filter>
    </ClCompile>
    <ClCompile Include="MyWindow.cpp">
      <Filter>base</Filter>
    </ClCompile>
    <ClCompile Include="Engine.cpp">
      <Filter>base</Filter>
    </ClCompile>
    <ClCompile Include="WindowContainer.cpp">
      <Filter>base</Filter>
    </ClCompile>
    <ClCompile Include="Keyboard\Keyboard.cpp">
      <Filter>base\Keyboard</Filter>
    </ClCompile>
    <ClCompile Include="Keyboard\KeyboardEvent.cpp">
      <Filter>base\Keyboard</Filter>
    </ClCompile>
    <ClCompile Include="Mouse\Mouse.cpp">
      <Filter>base\Mouse</Filter>
    </ClCompile>
    <ClCompile Include="Mouse\MouseEvent.cpp">
      <Filter>base\Mouse</Filter>
    </ClCompile>
    <ClCompile Include="Graphics\Graphics.cpp">
      <Filter>base\Graphics</Filter>
    </ClCompile>
    <ClCompile Include="Graphics\AdapterReader.cpp">
      <Filter>base\Graphics</Filter>
    </ClCompile>
    <ClCompile Include="Graphics\Shaders.cpp">
      <Filter>base\Graphics</Filter>
    </ClCompile>
    <ClCompile Include="Timer.cpp">
      <Filter>base</Filter>
    </ClCompile>
    <ClCompile Include="Graphics\ImGui\imgui.cpp">
      <Filter>base\Graphics\ImGui</Filter>
    </ClCompile>
    <ClCompile Include="Graphics\ImGui\imgui_demo.cpp">
      <Filter>base\Graphics\ImGui</Filter>
    </ClCompile>
    <ClCompile Include="Graphics\ImGui\imgui_draw.cpp">
      <Filter>base\Graphics\ImGui</Filter>
    </ClCompile>
    <ClCompile Include="Graphics\ImGui\imgui_impl_dx11.cpp">
      <Filter>base\Graphics\ImGui</Filter>
    </ClCompile>
    <ClCompile Include="Graphics\ImGui\imgui_impl_win32.cpp">
      <Filter>base\Graphics\ImGui</Filter>
    </ClCompile>
    <ClCompile Include="Graphics\ImGui\imgui_widgets.cpp">
      <Filter>base\Graphics\ImGui</Filter>
    </ClCompile>
    <ClCompile Include="Graphics\Color.cpp">
      <Filter>base\Graphics</Filter>
    </ClCompile>
    <ClCompile Include="Graphics\Texture.cpp">
      <Filter>base\Graphics</Filter>
    </ClCompile>
    <ClCompile Include="StringHelper.cpp">
      <Filter>base</Filter>
    </ClCompile>
    <ClCompile Include="Graphics\Camera2D.cpp">
      <Filter>base\Graphics\Camera</Filter>
    </ClCompile>
    <ClCompile Include="Graphics\Camera3D.cpp">
      <Filter>base\Graphics\Camera</Filter>
    </ClCompile>
    <ClCompile Include="Graphics\GameObject.cpp">
      <Filter>base\Graphics\GameObject</Filter>
    </ClCompile>
    <ClCompile Include="Graphics\Mesh.cpp">
      <Filter>base\Graphics\GameObject\3D\Model</Filter>
    </ClCompile>
    <ClCompile Include="Graphics\Model.cpp">
      <Filter>base\Graphics\GameObject\3D\Model</Filter>
    </ClCompile>
    <ClCompile Include="Graphics\GameObject2D.cpp">
      <Filter>base\Graphics\GameObject\2D</Filter>
    </ClCompile>
    <ClCompile Include="Graphics\Sprite.cpp">
      <Filter>base\Graphics\GameObject\2D</Filter>
    </ClCompile>
    <ClCompile Include="Graphics\GameObject3D.cpp">
      <Filter>base\Graphics\GameObject\3D</Filter>
    </ClCompile>
    <ClCompile Include="Graphics\RenderableGameObject.cpp">
      <Filter>base\Graphics\GameObject\3D</Filter>
    </ClCompile>
    <ClCompile Include="Graphics\Geometry.cpp">
      <Filter>base\Graphics\GameObject\Geometry</Filter>
    </ClCompile>
    <ClCompile Include="Graphics\XFileModel.cpp">
      <Filter>base\Graphics\GameObject\3D</Filter>
    </ClCompile>
  </ItemGroup>
  <ItemGroup>
    <ClInclude Include="ErrorLogger.h">
      <Filter>base</Filter>
    </ClInclude>
    <ClInclude Include="MyWindow.h">
      <Filter>base</Filter>
    </ClInclude>
    <ClInclude Include="Engine.h">
      <Filter>base</Filter>
    </ClInclude>
    <ClInclude Include="WindowContainer.h">
      <Filter>base</Filter>
    </ClInclude>
    <ClInclude Include="Keyboard\Keyboard.h">
      <Filter>base\Keyboard</Filter>
    </ClInclude>
    <ClInclude Include="Keyboard\KeyboardEvent.h">
      <Filter>base\Keyboard</Filter>
    </ClInclude>
    <ClInclude Include="Mouse\Mouse.h">
      <Filter>base\Mouse</Filter>
    </ClInclude>
    <ClInclude Include="Mouse\MouseEvent.h">
      <Filter>base\Mouse</Filter>
    </ClInclude>
    <ClInclude Include="Graphics\Graphics.h">
      <Filter>base\Graphics</Filter>
    </ClInclude>
    <ClInclude Include="Graphics\AdapterReader.h">
      <Filter>base\Graphics</Filter>
    </ClInclude>
    <ClInclude Include="Graphics\Shaders.h">
      <Filter>base\Graphics</Filter>
    </ClInclude>
    <ClInclude Include="Graphics\Vertex.h">
      <Filter>base\Graphics</Filter>
    </ClInclude>
    <ClInclude Include="Graphics\VertexBuffer.h">
      <Filter>base\Graphics</Filter>
    </ClInclude>
    <ClInclude Include="Graphics\IndexBuffer.h">
      <Filter>base\Graphics</Filter>
    </ClInclude>
    <ClInclude Include="Graphics\ConstantBufferTypes.h">
      <Filter>base\Graphics</Filter>
    </ClInclude>
    <ClInclude Include="Graphics\ConstantBuffer.h">
      <Filter>base\Graphics</Filter>
    </ClInclude>
    <ClInclude Include="Timer.h">
      <Filter>base</Filter>
    </ClInclude>
    <ClInclude Include="Graphics\ImGui\imconfig.h">
      <Filter>base\Graphics\ImGui</Filter>
    </ClInclude>
    <ClInclude Include="Graphics\ImGui\imgui.h">
      <Filter>base\Graphics\ImGui</Filter>
    </ClInclude>
    <ClInclude Include="Graphics\ImGui\imgui_impl_dx11.h">
      <Filter>base\Graphics\ImGui</Filter>
    </ClInclude>
    <ClInclude Include="Graphics\ImGui\imgui_impl_win32.h">
      <Filter>base\Graphics\ImGui</Filter>
    </ClInclude>
    <ClInclude Include="Graphics\ImGui\imgui_internal.h">
      <Filter>base\Graphics\ImGui</Filter>
    </ClInclude>
    <ClInclude Include="Graphics\ImGui\imstb_rectpack.h">
      <Filter>base\Graphics\ImGui</Filter>
    </ClInclude>
    <ClInclude Include="Graphics\ImGui\imstb_textedit.h">
      <Filter>base\Graphics\ImGui</Filter>
    </ClInclude>
    <ClInclude Include="Graphics\ImGui\imstb_truetype.h">
      <Filter>base\Graphics\ImGui</Filter>
    </ClInclude>
    <ClInclude Include="COMException.h">
      <Filter>base</Filter>
    </ClInclude>
    <ClInclude Include="Graphics\Color.h">
      <Filter>base\Graphics</Filter>
    </ClInclude>
    <ClInclude Include="Graphics\Texture.h">
      <Filter>base\Graphics</Filter>
    </ClInclude>
    <ClInclude Include="StringHelper.h">
      <Filter>base</Filter>
    </ClInclude>
    <ClInclude Include="Graphics\Camera2D.h">
      <Filter>base\Graphics\Camera</Filter>
    </ClInclude>
    <ClInclude Include="Graphics\Camera3D.h">
      <Filter>base\Graphics\Camera</Filter>
    </ClInclude>
    <ClInclude Include="Graphics\GameObject.h">
      <Filter>base\Graphics\GameObject</Filter>
    </ClInclude>
    <ClInclude Include="Graphics\Model.h">
      <Filter>base\Graphics\GameObject\3D\Model</Filter>
    </ClInclude>
    <ClInclude Include="Graphics\Mesh.h">
      <Filter>base\Graphics\GameObject\3D\Model</Filter>
    </ClInclude>
    <ClInclude Include="Graphics\GameObject2D.h">
      <Filter>base\Graphics\GameObject\2D</Filter>
    </ClInclude>
    <ClInclude Include="Graphics\Sprite.h">
      <Filter>base\Graphics\GameObject\2D</Filter>
    </ClInclude>
    <ClInclude Include="Graphics\GameObject3D.h">
      <Filter>base\Graphics\GameObject\3D</Filter>
    </ClInclude>
    <ClInclude Include="Graphics\RenderableGameObject.h">
      <Filter>base\Graphics\GameObject\3D</Filter>
    </ClInclude>
    <ClInclude Include="Graphics\Geometry.h">
      <Filter>base\Graphics\GameObject\Geometry</Filter>
    </ClInclude>
    <ClInclude Include="Graphics\XFileModel.h">
      <Filter>base\Graphics\GameObject\3D</Filter>
    </ClInclude>
  </ItemGroup>
  <ItemGroup>
    <FxCompile Include="vertexshader.hlsl">
      <Filter>리소스 파일</Filter>
    </FxCompile>
    <FxCompile Include="pixelshader_nolight.hlsl">
      <Filter>리소스 파일</Filter>
    </FxCompile>
    <FxCompile Include="vertexshader_2d.hlsl">
      <Filter>리소스 파일</Filter>
    </FxCompile>
    <FxCompile Include="pixelshader_2d.hlsl">
      <Filter>리소스 파일</Filter>
    </FxCompile>
    <FxCompile Include="pixelshader.hlsl">
      <Filter>리소스 파일</Filter>
    </FxCompile>
    <FxCompile Include="pixelshader_2d_discard.hlsl">
      <Filter>리소스 파일</Filter>
    </FxCompile>
    <FxCompile Include="pixelshader_color.hlsl">
      <Filter>리소스 파일</Filter>
    </FxCompile>
    <FxCompile Include="vertexshader_color.hlsl">
      <Filter>리소스 파일</Filter>
    </FxCompile>
    <FxCompile Include="vertexshader_skeleton.hlsl">
      <Filter>리소스 파일</Filter>
    </FxCompile>
  </ItemGroup>
</Project>